
Microsoft Visual Studio Solution File, Format Version 12.00
# Visual Studio Version 17
VisualStudioVersion = 17.10.35013.160
MinimumVisualStudioVersion = 10.0.40219.1
Project("{FAE04EC0-301F-11D3-BF4B-00C04F79EFBC}") = "ConsoleUI", "ConsoleUI.csproj", "{E511D1AE-C04E-4652-A470-BE8C5D203E3C}"
EndProject
Project("{FAE04EC0-301F-11D3-BF4B-00C04F79EFBC}") = "DemoLibrary", "..\DemoLibrary\DemoLibrary.csproj", "{4979F0B5-F6F2-4131-B42B-006AD84DEE30}"
EndProject
Global
	GlobalSection(SolutionConfigurationPlatforms) = preSolution
		Debug|Any CPU = Debug|Any CPU
		Release|Any CPU = Release|Any CPU
	EndGlobalSection
	GlobalSection(ProjectConfigurationPlatforms) = postSolution
		{E511D1AE-C04E-4652-A470-BE8C5D203E3C}.Debug|Any CPU.ActiveCfg = Debug|Any CPU
		{E511D1AE-C04E-4652-A470-BE8C5D203E3C}.Debug|Any CPU.Build.0 = Debug|Any CPU
		{E511D1AE-C04E-4652-A470-BE8C5D203E3C}.Release|Any CPU.ActiveCfg = Release|Any CPU
		{E511D1AE-C04E-4652-A470-BE8C5D203E3C}.Release|Any CPU.Build.0 = Release|Any CPU
		{4979F0B5-F6F2-4131-B42B-006AD84DEE30}.Debug|Any CPU.ActiveCfg = Debug|Any CPU
		{4979F0B5-F6F2-4131-B42B-006AD84DEE30}.Debug|Any CPU.Build.0 = Debug|Any CPU
		{4979F0B5-F6F2-4131-B42B-006AD84DEE30}.Release|Any CPU.ActiveCfg = Release|Any CPU
		{4979F0B5-F6F2-4131-B42B-006AD84DEE30}.Release|Any CPU.Build.0 = Release|Any CPU
	EndGlobalSection
	GlobalSection(SolutionProperties) = preSolution
		HideSolutionNode = FALSE
	EndGlobalSection
	GlobalSection(ExtensibilityGlobals) = postSolution
		SolutionGuid = {842C8001-ED96-4E73-B9F7-A7D76C94E45B}
	EndGlobalSection
EndGlobal
